
Microsoft Visual Studio Solution File, Format Version 12.00
# Visual Studio Version 16
VisualStudioVersion = 16.0.29403.142
MinimumVisualStudioVersion = 10.0.40219.1
Project("{FAE04EC0-301F-11D3-BF4B-00C04F79EFBC}") = "CourseLibraryAPI", "CourseLibraryAPI\CourseLibraryAPI.csproj", "{7C25EBC7-40E6-4FA3-B981-6EC3D665AA2C}"
EndProject
Global
	GlobalSection(SolutionConfigurationPlatforms) = preSolution
		Debug|Any CPU = Debug|Any CPU
		Release|Any CPU = Release|Any CPU
	EndGlobalSection
	GlobalSection(ProjectConfigurationPlatforms) = postSolution
		{7C25EBC7-40E6-4FA3-B981-6EC3D665AA2C}.Debug|Any CPU.ActiveCfg = Debug|Any CPU
		{7C25EBC7-40E6-4FA3-B981-6EC3D665AA2C}.Debug|Any CPU.Build.0 = Debug|Any CPU
		{7C25EBC7-40E6-4FA3-B981-6EC3D665AA2C}.Release|Any CPU.ActiveCfg = Release|Any CPU
		{7C25EBC7-40E6-4FA3-B981-6EC3D665AA2C}.Release|Any CPU.Build.0 = Release|Any CPU
	EndGlobalSection
	GlobalSection(SolutionProperties) = preSolution
		HideSolutionNode = FALSE
	EndGlobalSection
	GlobalSection(ExtensibilityGlobals) = postSolution
		SolutionGuid = {58C30BC0-41C8-49A0-97DA-6248CF7D7716}
	EndGlobalSection
EndGlobal
